{
  "lockfile_version": "1",
  "packages": {
    "curl": {
      "resolved": "github:NixOS/nixpkgs/8d8c1fa5b412c223ffa47410867813290cdedfef?narHash=sha256-J0dZU4atgcfo4QvM9D92uQ0Oe1eLTxBVXjJzdEMQpD0%3D#curl",
      "source": "nixpkg"
    },
    "docker": {
      "resolved": "github:NixOS/nixpkgs/8d8c1fa5b412c223ffa47410867813290cdedfef?narHash=sha256-J0dZU4atgcfo4QvM9D92uQ0Oe1eLTxBVXjJzdEMQpD0%3D#docker",
      "source": "nixpkg"
    },
    "docker-compose": {
      "resolved": "github:NixOS/nixpkgs/8d8c1fa5b412c223ffa47410867813290cdedfef?narHash=sha256-J0dZU4atgcfo4QvM9D92uQ0Oe1eLTxBVXjJzdEMQpD0%3D#docker-compose",
      "source": "nixpkg"
    },
    "git": {
      "resolved": "github:NixOS/nixpkgs/8d8c1fa5b412c223ffa47410867813290cdedfef?narHash=sha256-J0dZU4atgcfo4QvM9D92uQ0Oe1eLTxBVXjJzdEMQpD0%3D#git",
      "source": "nixpkg"
    },
    "github:NixOS/nixpkgs/nixpkgs-unstable": {
      "last_modified": "2026-04-02T10:35:47Z",
      "resolved": "github:NixOS/nixpkgs/8d8c1fa5b412c223ffa47410867813290cdedfef?lastModified=1775126147&narHash=sha256-J0dZU4atgcfo4QvM9D92uQ0Oe1eLTxBVXjJzdEMQpD0%3D"
    },
    "gnumake": {
      "resolved": "github:NixOS/nixpkgs/8d8c1fa5b412c223ffa47410867813290cdedfef?narHash=sha256-J0dZU4atgcfo4QvM9D92uQ0Oe1eLTxBVXjJzdEMQpD0%3D#gnumake",
      "source": "nixpkg"
    },
    "nodejs@20": {
      "last_modified": "2026-03-27T11:17:38Z",
      "plugin_version": "0.0.2",
      "resolved": "github:NixOS/nixpkgs/832efc09b4caf6b4569fbf9dc01bec3082a00611#nodejs_20",
      "source": "devbox-search",
      "version": "20.20.2",
      "systems": {
        "aarch64-darwin": {
          "outputs": [
            {
              "name": "out",
              "path": "/nix/store/vamh3ysrfc0qz2mdhh6klyi5ngaffl0q-nodejs-20.20.2",
              "default": true
            }
          ],
          "store_path": "/nix/store/vamh3ysrfc0qz2mdhh6klyi5ngaffl0q-nodejs-20.20.2"
        },
        "aarch64-linux": {
          "outputs": [
            {
              "name": "out",
              "path": "/nix/store/b1i1izsybrhzifbrr84nbmw62fl07ia2-nodejs-20.20.2",
              "default": true
            }
          ],
          "store_path": "/nix/store/b1i1izsybrhzifbrr84nbmw62fl07ia2-nodejs-20.20.2"
        },
        "x86_64-darwin": {
          "outputs": [
            {
              "name": "out",
              "path": "/nix/store/yg5qivw8g8gxpc536kwc0fg73nviiv9l-nodejs-20.20.2",
              "default": true
            }
          ],
          "store_path": "/nix/store/yg5qivw8g8gxpc536kwc0fg73nviiv9l-nodejs-20.20.2"
        },
        "x86_64-linux": {
          "outputs": [
            {
              "name": "out",
              "path": "/nix/store/1gw2r0h59vr5dzcilhg1xvzjqgn84f8b-nodejs-20.20.2",
              "default": true
            }
          ],
          "store_path": "/nix/store/1gw2r0h59vr5dzcilhg1xvzjqgn84f8b-nodejs-20.20.2"
        }
      }
    },
    "poetry@1.8.3": {
      "last_modified": "2024-10-13T23:44:06Z",
      "plugin_version": "0.0.4",
      "resolved": "github:NixOS/nixpkgs/d4f247e89f6e10120f911e2e2d2254a050d0f732#poetry",
      "source": "devbox-search",
      "version": "1.8.3",
      "systems": {
        "aarch64-darwin": {
          "outputs": [
            {
              "name": "out",
              "path": "/nix/store/fka3xx7wsdr990sx6gfnq135fgbsg5kk-python3.12-poetry-1.8.3",
              "default": true
            },
            {
              "name": "dist",
              "path": "/nix/store/4psq3hp05k5hiknyal3n73j2nb3p3avl-python3.12-poetry-1.8.3-dist"
            }
          ],
          "store_path": "/nix/store/fka3xx7wsdr990sx6gfnq135fgbsg5kk-python3.12-poetry-1.8.3"
        },
        "aarch64-linux": {
          "outputs": [
            {
              "name": "out",
              "path": "/nix/store/ps9n96b24a8hffcvxm6r5yravddyhzvl-python3.12-poetry-1.8.3",
              "default": true
            },
            {
              "name": "dist",
              "path": "/nix/store/aig5xw1ivnvd2xx89z6ckz8bidrb78mc-python3.12-poetry-1.8.3-dist"
            }
          ],
          "store_path": "/nix/store/ps9n96b24a8hffcvxm6r5yravddyhzvl-python3.12-poetry-1.8.3"
        },
        "x86_64-darwin": {
          "outputs": [
            {
              "name": "out",
              "path": "/nix/store/nyc7hgafrlzclmh9crm7xfbr07nlcsdn-python3.12-poetry-1.8.3",
              "default": true
            },
            {
              "name": "dist",
              "path": "/nix/store/i2s93flhf82vk6awrjmbwcrdrzsh4g3p-python3.12-poetry-1.8.3-dist"
            }
          ],
          "store_path": "/nix/store/nyc7hgafrlzclmh9crm7xfbr07nlcsdn-python3.12-poetry-1.8.3"
        },
        "x86_64-linux": {
          "outputs": [
            {
              "name": "out",
              "path": "/nix/store/56bqni659v6ckhil8hm7bchaafihjw83-python3.12-poetry-1.8.3",
              "default": true
            },
            {
              "name": "dist",
              "path": "/nix/store/3n61h96fm4dmlj7nl8zcjjb4cnvil90x-python3.12-poetry-1.8.3-dist"
            }
          ],
          "store_path": "/nix/store/56bqni659v6ckhil8hm7bchaafihjw83-python3.12-poetry-1.8.3"
        }
      }
    },
    "python@3.11": {
      "last_modified": "2026-03-21T07:29:51Z",
      "plugin_version": "0.0.4",
      "resolved": "github:NixOS/nixpkgs/09061f748ee21f68a089cd5d91ec1859cd93d0be#python311",
      "source": "devbox-search",
      "version": "3.11.15",
      "systems": {
        "aarch64-darwin": {
          "outputs": [
            {
              "name": "out",
              "path": "/nix/store/djf5adf96xxxj1p11517518czg7sx56l-python3-3.11.15",
              "default": true
            }
          ],
          "store_path": "/nix/store/djf5adf96xxxj1p11517518czg7sx56l-python3-3.11.15"
        },
        "aarch64-linux": {
          "outputs": [
            {
              "name": "out",
              "path": "/nix/store/qrknnm8rdz493vi0jfrl1gr789bbq5fb-python3-3.11.15",
              "default": true
            },
            {
              "name": "debug",
              "path": "/nix/store/df156knysl63wg30n4pr5gmvwrz4f6ij-python3-3.11.15-debug"
            }
          ],
          "store_path": "/nix/store/qrknnm8rdz493vi0jfrl1gr789bbq5fb-python3-3.11.15"
        },
        "x86_64-darwin": {
          "outputs": [
            {
              "name": "out",
              "path": "/nix/store/84xdg19sbff0azp65v8jr33bz1nrna78-python3-3.11.15",
              "default": true
            }
          ],
          "store_path": "/nix/store/84xdg19sbff0azp65v8jr33bz1nrna78-python3-3.11.15"
        },
        "x86_64-linux": {
          "outputs": [
            {
              "name": "out",
              "path": "/nix/store/5bd4b8iifahkr4di8np8pirmcsmcvlgh-python3-3.11.15",
              "default": true
            },
            {
              "name": "debug",
              "path": "/nix/store/fbxbndlfynvff9ppiva1b5rzy4sbl81g-python3-3.11.15-debug"
            }
          ],
          "store_path": "/nix/store/5bd4b8iifahkr4di8np8pirmcsmcvlgh-python3-3.11.15"
        }
      }
    },
    "wget": {
      "resolved": "github:NixOS/nixpkgs/8d8c1fa5b412c223ffa47410867813290cdedfef?narHash=sha256-J0dZU4atgcfo4QvM9D92uQ0Oe1eLTxBVXjJzdEMQpD0%3D#wget",
      "source": "nixpkg"
    }
  }
}
